// !$*UTF8*$!
{
	archiveVersion = 1;
	classes = {
	};
	objectVersion = 77;
	objects = {

/* Begin PBXBuildFile section */
		0CDA836F51E09B06BA083DC6 /* KnownWord.swift in Sources */ = {isa = PBXBuildFile; fileRef = B958516913FBC091A0C0E858 /* KnownWord.swift */; };
		113127A519DC214D1B3968BF /* RootTabView.swift in Sources */ = {isa = PBXBuildFile; fileRef = 9F0AC501C1258C1E27BEBCA0 /* RootTabView.swift */; };
		19B9EAB6F1AD246959B433E9 /* Flashcard.swift in Sources */ = {isa = PBXBuildFile; fileRef = F3E5E147660194E664C313B2 /* Flashcard.swift */; };
		1B795AC9A24D84AB2379A7D0 /* SettingsView.swift in Sources */ = {isa = PBXBuildFile; fileRef = 913494BD86B5C57F786D1C36 /* SettingsView.swift */; };
		2C07B20BF2172EDAAA77587F /* reading_overrides.json in Resources */ = {isa = PBXBuildFile; fileRef = D81C61B3DBE88D82DAB62038 /* reading_overrides.json */; };
		380DDB02B1BC4BE9D751D660 /* StatsService.swift in Sources */ = {isa = PBXBuildFile; fileRef = 55A7C99B45054FDDE6AB933E /* StatsService.swift */; };
		3B3082A20BEF51675C4A315C /* SpeechService.swift in Sources */ = {isa = PBXBuildFile; fileRef = 62A5708316B410EA851E639D /* SpeechService.swift */; };
		41D471F4A4A3FDC96B0A88A1 /* ReviewView.swift in Sources */ = {isa = PBXBuildFile; fileRef = 1991CB34F4EAC83F6AAB4ACB /* ReviewView.swift */; };
		4D08A5B3C457344A2CE20C0E /* OCRService.swift in Sources */ = {isa = PBXBuildFile; fileRef = 74666A3A574562FCD0BC00F5 /* OCRService.swift */; };
		4E09875294FFE89DCD835944 /* KanjiDetailView.swift in Sources */ = {isa = PBXBuildFile; fileRef = 9EED61578E9C5E65535FC683 /* KanjiDetailView.swift */; };
		4E6942061A272E700563558F /* ReviewSessionView.swift in Sources */ = {isa = PBXBuildFile; fileRef = 858F1BEAE683188CE1B83F71 /* ReviewSessionView.swift */; };
		538DB4BC178893D29D0518D5 /* SRSService.swift in Sources */ = {isa = PBXBuildFile; fileRef = 99C8FD08B443AF870A38E276 /* SRSService.swift */; };
		66B48ED85B93A8B4D875729E /* FuriganaLensApp.swift in Sources */ = {isa = PBXBuildFile; fileRef = D21FD0F67C53B46F9444F4C8 /* FuriganaLensApp.swift */; };
		78C9EEC4ABC2C014C7A3BCAA /* JapaneseAnalysisService.swift in Sources */ = {isa = PBXBuildFile; fileRef = F1E4FDD3BF740C8D9F837AB4 /* JapaneseAnalysisService.swift */; };
		8A9BCB47AAA54633DC358FC9 /* KanjiTypedReviewView.swift in Sources */ = {isa = PBXBuildFile; fileRef = FEE2C5570B812F966D02BE42 /* KanjiTypedReviewView.swift */; };
		948B602892EFB02383FF1674 /* Theme.swift in Sources */ = {isa = PBXBuildFile; fileRef = 99EEF9636A06DFA207733AA3 /* Theme.swift */; };
		95EFE26EA16FEB61330F03AB /* OCRPipelineTests.swift in Sources */ = {isa = PBXBuildFile; fileRef = 704166B92C215BBDC6145953 /* OCRPipelineTests.swift */; };
		9E7EC109BE75BBB3B484115B /* Knownness.swift in Sources */ = {isa = PBXBuildFile; fileRef = 1FCE25746BA0723495415CF6 /* Knownness.swift */; };
		ADEDCAFD9B6A62896D40A2BE /* CameraPreviewView.swift in Sources */ = {isa = PBXBuildFile; fileRef = 1B190921D709905D364C1599 /* CameraPreviewView.swift */; };
		C95F59B969285ECE995F8032 /* ReadingOverrideStore.swift in Sources */ = {isa = PBXBuildFile; fileRef = 156B357DDEA6AE5F64E5367B /* ReadingOverrideStore.swift */; };
		CDC2389816D3F488E96E8C9C /* DictionaryService.swift in Sources */ = {isa = PBXBuildFile; fileRef = 651CF91E2BBAD00FFE1A865E /* DictionaryService.swift */; };
		CF283ABF6C0C5AE94456A28B /* DecksView.swift in Sources */ = {isa = PBXBuildFile; fileRef = 022691C198C0BD2E4CAB1061 /* DecksView.swift */; };
		CF39596902E382FF645ABCA4 /* FuriganaLensUITests.swift in Sources */ = {isa = PBXBuildFile; fileRef = D9B8455F0F0384CD2AF75A40 /* FuriganaLensUITests.swift */; };
		DEE3F320B87FD14F9E8B5E87 /* jmdict.sqlite.gz in Resources */ = {isa = PBXBuildFile; fileRef = B86B05EE3B59E3EF2561175A /* jmdict.sqlite.gz */; };
		E1B9BE4CF94552F51392F2C8 /* JapaneseToken.swift in Sources */ = {isa = PBXBuildFile; fileRef = 1894C716A11F8126CD2176A1 /* JapaneseToken.swift */; };
		EB8341C5D0EEC7B66F91E9C5 /* ScanView.swift in Sources */ = {isa = PBXBuildFile; fileRef = 2571462D95BAA8F3EA494B04 /* ScanView.swift */; };
		F1DB622BE44317EF7BA23685 /* MockDataSeeder.swift in Sources */ = {isa = PBXBuildFile; fileRef = 391432F56D6768D408E080D5 /* MockDataSeeder.swift */; };
		F4ED077C68420A2D5C5B62FC /* FuriganaText.swift in Sources */ = {isa = PBXBuildFile; fileRef = BACAF725ED82D56E29B6CF32 /* FuriganaText.swift */; };
		F99DE39DABCD8B828C7EA936 /* Assets.xcassets in Resources */ = {isa = PBXBuildFile; fileRef = 7622844A88BD334C58BFC125 /* Assets.xcassets */; };
		FC7C06906F9098D7175EF4D2 /* WordDetailView.swift in Sources */ = {isa = PBXBuildFile; fileRef = 383D124EFCE2E40014D589EA /* WordDetailView.swift */; };
		FDA6192CE9DFA6F29DDF1A6E /* Deck.swift in Sources */ = {isa = PBXBuildFile; fileRef = 1B0A64D61A929D104E129B8C /* Deck.swift */; };
/* End PBXBuildFile section */

/* Begin PBXContainerItemProxy section */
		153674B7961613BD56A14C20 /* PBXContainerItemProxy */ = {
			isa = PBXContainerItemProxy;
			containerPortal = 2E0D2D20E15C6785605FCB56 /* Project object */;
			proxyType = 1;
			remoteGlobalIDString = C7D8F5A85B961679C0D377FA;
			remoteInfo = FuriganaLens;
		};
		B40827CF5C9EBC58FBED1A40 /* PBXContainerItemProxy */ = {
			isa = PBXContainerItemProxy;
			containerPortal = 2E0D2D20E15C6785605FCB56 /* Project object */;
			proxyType = 1;
			remoteGlobalIDString = C7D8F5A85B961679C0D377FA;
			remoteInfo = FuriganaLens;
		};
/* End PBXContainerItemProxy section */

/* Begin PBXFileReference section */
		022691C198C0BD2E4CAB1061 /* DecksView.swift */ = {isa = PBXFileReference; lastKnownFileType = sourcecode.swift; path = DecksView.swift; sourceTree = "<group>"; };
		156B357DDEA6AE5F64E5367B /* ReadingOverrideStore.swift */ = {isa = PBXFileReference; lastKnownFileType = sourcecode.swift; path = ReadingOverrideStore.swift; sourceTree = "<group>"; };
		1894C716A11F8126CD2176A1 /* JapaneseToken.swift */ = {isa = PBXFileReference; lastKnownFileType = sourcecode.swift; path = JapaneseToken.swift; sourceTree = "<group>"; };
		1991CB34F4EAC83F6AAB4ACB /* ReviewView.swift */ = {isa = PBXFileReference; lastKnownFileType = sourcecode.swift; path = ReviewView.swift; sourceTree = "<group>"; };
		1B0A64D61A929D104E129B8C /* Deck.swift */ = {isa = PBXFileReference; lastKnownFileType = sourcecode.swift; path = Deck.swift; sourceTree = "<group>"; };
		1B190921D709905D364C1599 /* CameraPreviewView.swift */ = {isa = PBXFileReference; lastKnownFileType = sourcecode.swift; path = CameraPreviewView.swift; sourceTree = "<group>"; };
		1FCE25746BA0723495415CF6 /* Knownness.swift */ = {isa = PBXFileReference; lastKnownFileType = sourcecode.swift; path = Knownness.swift; sourceTree = "<group>"; };
		2571462D95BAA8F3EA494B04 /* ScanView.swift */ = {isa = PBXFileReference; lastKnownFileType = sourcecode.swift; path = ScanView.swift; sourceTree = "<group>"; };
		383D124EFCE2E40014D589EA /* WordDetailView.swift */ = {isa = PBXFileReference; lastKnownFileType = sourcecode.swift; path = WordDetailView.swift; sourceTree = "<group>"; };
		391432F56D6768D408E080D5 /* MockDataSeeder.swift */ = {isa = PBXFileReference; lastKnownFileType = sourcecode.swift; path = MockDataSeeder.swift; sourceTree = "<group>"; };
		55A7C99B45054FDDE6AB933E /* StatsService.swift */ = {isa = PBXFileReference; lastKnownFileType = sourcecode.swift; path = StatsService.swift; sourceTree = "<group>"; };
		62A5708316B410EA851E639D /* SpeechService.swift */ = {isa = PBXFileReference; lastKnownFileType = sourcecode.swift; path = SpeechService.swift; sourceTree = "<group>"; };
		651CF91E2BBAD00FFE1A865E /* DictionaryService.swift */ = {isa = PBXFileReference; lastKnownFileType = sourcecode.swift; path = DictionaryService.swift; sourceTree = "<group>"; };
		67E7E401F13E2819281D01D5 /* FuriganaLensTests.xctest */ = {isa = PBXFileReference; includeInIndex = 0; lastKnownFileType = wrapper.cfbundle; path = FuriganaLensTests.xctest; sourceTree = BUILT_PRODUCTS_DIR; };
		704166B92C215BBDC6145953 /* OCRPipelineTests.swift */ = {isa = PBXFileReference; lastKnownFileType = sourcecode.swift; path = OCRPipelineTests.swift; sourceTree = "<group>"; };
		74666A3A574562FCD0BC00F5 /* OCRService.swift */ = {isa = PBXFileReference; lastKnownFileType = sourcecode.swift; path = OCRService.swift; sourceTree = "<group>"; };
		7622844A88BD334C58BFC125 /* Assets.xcassets */ = {isa = PBXFileReference; lastKnownFileType = folder.assetcatalog; path = Assets.xcassets; sourceTree = "<group>"; };
		858F1BEAE683188CE1B83F71 /* ReviewSessionView.swift */ = {isa = PBXFileReference; lastKnownFileType = sourcecode.swift; path = ReviewSessionView.swift; sourceTree = "<group>"; };
		913494BD86B5C57F786D1C36 /* SettingsView.swift */ = {isa = PBXFileReference; lastKnownFileType = sourcecode.swift; path = SettingsView.swift; sourceTree = "<group>"; };
		99C8FD08B443AF870A38E276 /* SRSService.swift */ = {isa = PBXFileReference; lastKnownFileType = sourcecode.swift; path = SRSService.swift; sourceTree = "<group>"; };
		99EEF9636A06DFA207733AA3 /* Theme.swift */ = {isa = PBXFileReference; lastKnownFileType = sourcecode.swift; path = Theme.swift; sourceTree = "<group>"; };
		9EED61578E9C5E65535FC683 /* KanjiDetailView.swift */ = {isa = PBXFileReference; lastKnownFileType = sourcecode.swift; path = KanjiDetailView.swift; sourceTree = "<group>"; };
		9F0AC501C1258C1E27BEBCA0 /* RootTabView.swift */ = {isa = PBXFileReference; lastKnownFileType = sourcecode.swift; path = RootTabView.swift; sourceTree = "<group>"; };
		B86B05EE3B59E3EF2561175A /* jmdict.sqlite.gz */ = {isa = PBXFileReference; lastKnownFileType = archive.gzip; path = jmdict.sqlite.gz; sourceTree = "<group>"; };
		B958516913FBC091A0C0E858 /* KnownWord.swift */ = {isa = PBXFileReference; lastKnownFileType = sourcecode.swift; path = KnownWord.swift; sourceTree = "<group>"; };
		B9C26D99C6A5EB6A0020D435 /* FuriganaLensUITests.xctest */ = {isa = PBXFileReference; includeInIndex = 0; lastKnownFileType = wrapper.cfbundle; path = FuriganaLensUITests.xctest; sourceTree = BUILT_PRODUCTS_DIR; };
		BACAF725ED82D56E29B6CF32 /* FuriganaText.swift */ = {isa = PBXFileReference; lastKnownFileType = sourcecode.swift; path = FuriganaText.swift; sourceTree = "<group>"; };
		BDAA2D08AEA353C0DE67DC55 /* FuriganaLens.app */ = {isa = PBXFileReference; includeInIndex = 0; lastKnownFileType = wrapper.application; path = FuriganaLens.app; sourceTree = BUILT_PRODUCTS_DIR; };
		D21FD0F67C53B46F9444F4C8 /* FuriganaLensApp.swift */ = {isa = PBXFileReference; lastKnownFileType = sourcecode.swift; path = FuriganaLensApp.swift; sourceTree = "<group>"; };
		D81C61B3DBE88D82DAB62038 /* reading_overrides.json */ = {isa = PBXFileReference; lastKnownFileType = text.json; path = reading_overrides.json; sourceTree = "<group>"; };
		D9B8455F0F0384CD2AF75A40 /* FuriganaLensUITests.swift */ = {isa = PBXFileReference; lastKnownFileType = sourcecode.swift; path = FuriganaLensUITests.swift; sourceTree = "<group>"; };
		F1E4FDD3BF740C8D9F837AB4 /* JapaneseAnalysisService.swift */ = {isa = PBXFileReference; lastKnownFileType = sourcecode.swift; path = JapaneseAnalysisService.swift; sourceTree = "<group>"; };
		F3E5E147660194E664C313B2 /* Flashcard.swift */ = {isa = PBXFileReference; lastKnownFileType = sourcecode.swift; path = Flashcard.swift; sourceTree = "<group>"; };
		FEE2C5570B812F966D02BE42 /* KanjiTypedReviewView.swift */ = {isa = PBXFileReference; lastKnownFileType = sourcecode.swift; path = KanjiTypedReviewView.swift; sourceTree = "<group>"; };
/* End PBXFileReference section */

/* Begin PBXGroup section */
		0247733E4173913169671F3E /* Settings */ = {
			isa = PBXGroup;
			children = (
				913494BD86B5C57F786D1C36 /* SettingsView.swift */,
			);
			path = Settings;
			sourceTree = "<group>";
		};
		0BBBD02861B04242387F484B /* FuriganaLens */ = {
			isa = PBXGroup;
			children = (
				D21FD0F67C53B46F9444F4C8 /* FuriganaLensApp.swift */,
				E21DF6BD681B638DBD0C734A /* Features */,
				6FB7FD89964DE4624658A0AB /* Models */,
				7308F9037C2A9FD69466772A /* Resources */,
				E2E29BF047D1AFC2D7C3BEA3 /* Services */,
				E13CCF0C1EE8732754186803 /* Theme */,
				EFDDC20D2FE20410BED875D3 /* Utilities */,
			);
			path = FuriganaLens;
			sourceTree = "<group>";
		};
		243E322C60DB33FD12B6CEC5 /* Decks */ = {
			isa = PBXGroup;
			children = (
				022691C198C0BD2E4CAB1061 /* DecksView.swift */,
			);
			path = Decks;
			sourceTree = "<group>";
		};
		3749419955C3D99D5EFE8D43 /* Review */ = {
			isa = PBXGroup;
			children = (
				858F1BEAE683188CE1B83F71 /* ReviewSessionView.swift */,
				1991CB34F4EAC83F6AAB4ACB /* ReviewView.swift */,
			);
			path = Review;
			sourceTree = "<group>";
		};
		50427274EF2FB02E6C2CB19C /* FuriganaLensTests */ = {
			isa = PBXGroup;
			children = (
				704166B92C215BBDC6145953 /* OCRPipelineTests.swift */,
			);
			path = FuriganaLensTests;
			sourceTree = "<group>";
		};
		6FB7FD89964DE4624658A0AB /* Models */ = {
			isa = PBXGroup;
			children = (
				1B0A64D61A929D104E129B8C /* Deck.swift */,
				F3E5E147660194E664C313B2 /* Flashcard.swift */,
				B958516913FBC091A0C0E858 /* KnownWord.swift */,
			);
			path = Models;
			sourceTree = "<group>";
		};
		7308F9037C2A9FD69466772A /* Resources */ = {
			isa = PBXGroup;
			children = (
				7622844A88BD334C58BFC125 /* Assets.xcassets */,
				B86B05EE3B59E3EF2561175A /* jmdict.sqlite.gz */,
				D81C61B3DBE88D82DAB62038 /* reading_overrides.json */,
			);
			path = Resources;
			sourceTree = "<group>";
		};
		9D87BED80296DC6BEE737FEC /* Products */ = {
			isa = PBXGroup;
			children = (
				BDAA2D08AEA353C0DE67DC55 /* FuriganaLens.app */,
				67E7E401F13E2819281D01D5 /* FuriganaLensTests.xctest */,
				B9C26D99C6A5EB6A0020D435 /* FuriganaLensUITests.xctest */,
			);
			name = Products;
			sourceTree = "<group>";
		};
		A6C2E1AF3766F14E31F37D59 /* Scan */ = {
			isa = PBXGroup;
			children = (
				1B190921D709905D364C1599 /* CameraPreviewView.swift */,
				2571462D95BAA8F3EA494B04 /* ScanView.swift */,
			);
			path = Scan;
			sourceTree = "<group>";
		};
		B16542842CDEA0133780620B /* FuriganaLensUITests */ = {
			isa = PBXGroup;
			children = (
				D9B8455F0F0384CD2AF75A40 /* FuriganaLensUITests.swift */,
			);
			path = FuriganaLensUITests;
			sourceTree = "<group>";
		};
		C0671A86EDEDDEADEEDC774F /* WordDetail */ = {
			isa = PBXGroup;
			children = (
				383D124EFCE2E40014D589EA /* WordDetailView.swift */,
			);
			path = WordDetail;
			sourceTree = "<group>";
		};
		D6BD79B8B2B8F3B991C8D6BC /* Kanji */ = {
			isa = PBXGroup;
			children = (
				9EED61578E9C5E65535FC683 /* KanjiDetailView.swift */,
				FEE2C5570B812F966D02BE42 /* KanjiTypedReviewView.swift */,
			);
			path = Kanji;
			sourceTree = "<group>";
		};
		D6EB6BE926B4D9C0B66671A9 = {
			isa = PBXGroup;
			children = (
				0BBBD02861B04242387F484B /* FuriganaLens */,
				50427274EF2FB02E6C2CB19C /* FuriganaLensTests */,
				B16542842CDEA0133780620B /* FuriganaLensUITests */,
				9D87BED80296DC6BEE737FEC /* Products */,
			);
			sourceTree = "<group>";
		};
		E13CCF0C1EE8732754186803 /* Theme */ = {
			isa = PBXGroup;
			children = (
				99EEF9636A06DFA207733AA3 /* Theme.swift */,
			);
			path = Theme;
			sourceTree = "<group>";
		};
		E21DF6BD681B638DBD0C734A /* Features */ = {
			isa = PBXGroup;
			children = (
				9F0AC501C1258C1E27BEBCA0 /* RootTabView.swift */,
				243E322C60DB33FD12B6CEC5 /* Decks */,
				D6BD79B8B2B8F3B991C8D6BC /* Kanji */,
				3749419955C3D99D5EFE8D43 /* Review */,
				A6C2E1AF3766F14E31F37D59 /* Scan */,
				0247733E4173913169671F3E /* Settings */,
				C0671A86EDEDDEADEEDC774F /* WordDetail */,
			);
			path = Features;
			sourceTree = "<group>";
		};
		E2E29BF047D1AFC2D7C3BEA3 /* Services */ = {
			isa = PBXGroup;
			children = (
				651CF91E2BBAD00FFE1A865E /* DictionaryService.swift */,
				F1E4FDD3BF740C8D9F837AB4 /* JapaneseAnalysisService.swift */,
				1894C716A11F8126CD2176A1 /* JapaneseToken.swift */,
				1FCE25746BA0723495415CF6 /* Knownness.swift */,
				391432F56D6768D408E080D5 /* MockDataSeeder.swift */,
				74666A3A574562FCD0BC00F5 /* OCRService.swift */,
				156B357DDEA6AE5F64E5367B /* ReadingOverrideStore.swift */,
				62A5708316B410EA851E639D /* SpeechService.swift */,
				99C8FD08B443AF870A38E276 /* SRSService.swift */,
				55A7C99B45054FDDE6AB933E /* StatsService.swift */,
			);
			path = Services;
			sourceTree = "<group>";
		};
		EFDDC20D2FE20410BED875D3 /* Utilities */ = {
			isa = PBXGroup;
			children = (
				BACAF725ED82D56E29B6CF32 /* FuriganaText.swift */,
			);
			path = Utilities;
			sourceTree = "<group>";
		};
/* End PBXGroup section */

/* Begin PBXNativeTarget section */
		2469D2B236B80E745EEF8C45 /* FuriganaLensUITests */ = {
			isa = PBXNativeTarget;
			buildConfigurationList = 67B17AC346535C98A23472E6 /* Build configuration list for PBXNativeTarget "FuriganaLensUITests" */;
			buildPhases = (
				4946000C0E2F2651B195DA50 /* Sources */,
			);
			buildRules = (
			);
			dependencies = (
				A1EE49F7C13C90BD617E2CB3 /* PBXTargetDependency */,
			);
			name = FuriganaLensUITests;
			packageProductDependencies = (
			);
			productName = FuriganaLensUITests;
			productReference = B9C26D99C6A5EB6A0020D435 /* FuriganaLensUITests.xctest */;
			productType = "com.apple.product-type.bundle.ui-testing";
		};
		265ABA121768A8C111A72960 /* FuriganaLensTests */ = {
			isa = PBXNativeTarget;
			buildConfigurationList = 3042BDAA67DCFA5FFA0769EC /* Build configuration list for PBXNativeTarget "FuriganaLensTests" */;
			buildPhases = (
				F599C158B19780CA08CB57F9 /* Sources */,
			);
			buildRules = (
			);
			dependencies = (
				713E7318BA1BB60D828808C7 /* PBXTargetDependency */,
			);
			name = FuriganaLensTests;
			packageProductDependencies = (
			);
			productName = FuriganaLensTests;
			productReference = 67E7E401F13E2819281D01D5 /* FuriganaLensTests.xctest */;
			productType = "com.apple.product-type.bundle.unit-test";
		};
		C7D8F5A85B961679C0D377FA /* FuriganaLens */ = {
			isa = PBXNativeTarget;
			buildConfigurationList = AC48E2EA9B0CE727CAFA6786 /* Build configuration list for PBXNativeTarget "FuriganaLens" */;
			buildPhases = (
				AAFDBA54AF0E6335E85AD704 /* Sources */,
				0BB8DF387970F3D3599C6296 /* Resources */,
			);
			buildRules = (
			);
			dependencies = (
			);
			name = FuriganaLens;
			packageProductDependencies = (
			);
			productName = FuriganaLens;
			productReference = BDAA2D08AEA353C0DE67DC55 /* FuriganaLens.app */;
			productType = "com.apple.product-type.application";
		};
/* End PBXNativeTarget section */

/* Begin PBXProject section */
		2E0D2D20E15C6785605FCB56 /* Project object */ = {
			isa = PBXProject;
			attributes = {
				BuildIndependentTargetsInParallel = YES;
				LastUpgradeCheck = 1640;
				TargetAttributes = {
					2469D2B236B80E745EEF8C45 = {
						ProvisioningStyle = Automatic;
						TestTargetID = C7D8F5A85B961679C0D377FA;
					};
					265ABA121768A8C111A72960 = {
						ProvisioningStyle = Automatic;
					};
					C7D8F5A85B961679C0D377FA = {
						ProvisioningStyle = Automatic;
					};
				};
			};
			buildConfigurationList = D5E4E8D06A571656620C6393 /* Build configuration list for PBXProject "FuriganaLens" */;
			developmentRegion = en;
			hasScannedForEncodings = 0;
			knownRegions = (
				Base,
				en,
			);
			mainGroup = D6EB6BE926B4D9C0B66671A9;
			minimizedProjectReferenceProxies = 1;
			preferredProjectObjectVersion = 77;
			productRefGroup = 9D87BED80296DC6BEE737FEC /* Products */;
			projectDirPath = "";
			projectRoot = "";
			targets = (
				C7D8F5A85B961679C0D377FA /* FuriganaLens */,
				265ABA121768A8C111A72960 /* FuriganaLensTests */,
				2469D2B236B80E745EEF8C45 /* FuriganaLensUITests */,
			);
		};
/* End PBXProject section */

/* Begin PBXResourcesBuildPhase section */
		0BB8DF387970F3D3599C6296 /* Resources */ = {
			isa = PBXResourcesBuildPhase;
			buildActionMask = 2147483647;
			files = (
				F99DE39DABCD8B828C7EA936 /* Assets.xcassets in Resources */,
				DEE3F320B87FD14F9E8B5E87 /* jmdict.sqlite.gz in Resources */,
				2C07B20BF2172EDAAA77587F /* reading_overrides.json in Resources */,
			);
			runOnlyForDeploymentPostprocessing = 0;
		};
/* End PBXResourcesBuildPhase section */

/* Begin PBXSourcesBuildPhase section */
		4946000C0E2F2651B195DA50 /* Sources */ = {
			isa = PBXSourcesBuildPhase;
			buildActionMask = 2147483647;
			files = (
				CF39596902E382FF645ABCA4 /* FuriganaLensUITests.swift in Sources */,
			);
			runOnlyForDeploymentPostprocessing = 0;
		};
		AAFDBA54AF0E6335E85AD704 /* Sources */ = {
			isa = PBXSourcesBuildPhase;
			buildActionMask = 2147483647;
			files = (
				ADEDCAFD9B6A62896D40A2BE /* CameraPreviewView.swift in Sources */,
				FDA6192CE9DFA6F29DDF1A6E /* Deck.swift in Sources */,
				CF283ABF6C0C5AE94456A28B /* DecksView.swift in Sources */,
				CDC2389816D3F488E96E8C9C /* DictionaryService.swift in Sources */,
				19B9EAB6F1AD246959B433E9 /* Flashcard.swift in Sources */,
				66B48ED85B93A8B4D875729E /* FuriganaLensApp.swift in Sources */,
				F4ED077C68420A2D5C5B62FC /* FuriganaText.swift in Sources */,
				78C9EEC4ABC2C014C7A3BCAA /* JapaneseAnalysisService.swift in Sources */,
				E1B9BE4CF94552F51392F2C8 /* JapaneseToken.swift in Sources */,
				4E09875294FFE89DCD835944 /* KanjiDetailView.swift in Sources */,
				8A9BCB47AAA54633DC358FC9 /* KanjiTypedReviewView.swift in Sources */,
				0CDA836F51E09B06BA083DC6 /* KnownWord.swift in Sources */,
				9E7EC109BE75BBB3B484115B /* Knownness.swift in Sources */,
				F1DB622BE44317EF7BA23685 /* MockDataSeeder.swift in Sources */,
				4D08A5B3C457344A2CE20C0E /* OCRService.swift in Sources */,
				C95F59B969285ECE995F8032 /* ReadingOverrideStore.swift in Sources */,
				4E6942061A272E700563558F /* ReviewSessionView.swift in Sources */,
				41D471F4A4A3FDC96B0A88A1 /* ReviewView.swift in Sources */,
				113127A519DC214D1B3968BF /* RootTabView.swift in Sources */,
				538DB4BC178893D29D0518D5 /* SRSService.swift in Sources */,
				EB8341C5D0EEC7B66F91E9C5 /* ScanView.swift in Sources */,
				1B795AC9A24D84AB2379A7D0 /* SettingsView.swift in Sources */,
				3B3082A20BEF51675C4A315C /* SpeechService.swift in Sources */,
				380DDB02B1BC4BE9D751D660 /* StatsService.swift in Sources */,
				948B602892EFB02383FF1674 /* Theme.swift in Sources */,
				FC7C06906F9098D7175EF4D2 /* WordDetailView.swift in Sources */,
			);
			runOnlyForDeploymentPostprocessing = 0;
		};
		F599C158B19780CA08CB57F9 /* Sources */ = {
			isa = PBXSourcesBuildPhase;
			buildActionMask = 2147483647;
			files = (
				95EFE26EA16FEB61330F03AB /* OCRPipelineTests.swift in Sources */,
			);
			runOnlyForDeploymentPostprocessing = 0;
		};
/* End PBXSourcesBuildPhase section */

/* Begin PBXTargetDependency section */
		713E7318BA1BB60D828808C7 /* PBXTargetDependency */ = {
			isa = PBXTargetDependency;
			target = C7D8F5A85B961679C0D377FA /* FuriganaLens */;
			targetProxy = 153674B7961613BD56A14C20 /* PBXContainerItemProxy */;
		};
		A1EE49F7C13C90BD617E2CB3 /* PBXTargetDependency */ = {
			isa = PBXTargetDependency;
			target = C7D8F5A85B961679C0D377FA /* FuriganaLens */;
			targetProxy = B40827CF5C9EBC58FBED1A40 /* PBXContainerItemProxy */;
		};
/* End PBXTargetDependency section */

/* Begin XCBuildConfiguration section */
		0941A78BBC29DCBE686DB283 /* Debug */ = {
			isa = XCBuildConfiguration;
			buildSettings = {
				ASSETCATALOG_COMPILER_APPICON_NAME = AppIcon;
				CODE_SIGN_IDENTITY = "iPhone Developer";
				CURRENT_PROJECT_VERSION = 1;
				GENERATE_INFOPLIST_FILE = YES;
				INFOPLIST_KEY_NSCameraUsageDescription = "Point your camera at Japanese text on your TV or screen to read words and furigana.";
				INFOPLIST_KEY_UIApplicationSceneManifest_Generation = YES;
				INFOPLIST_KEY_UILaunchScreen_Generation = YES;
				LD_RUNPATH_SEARCH_PATHS = (
					"$(inherited)",
					"@executable_path/Frameworks",
				);
				MARKETING_VERSION = 1.0.0;
				PRODUCT_BUNDLE_IDENTIFIER = com.furiganalens.app;
				SDKROOT = iphoneos;
				TARGETED_DEVICE_FAMILY = "1,2";
			};
			name = Debug;
		};
		09F360CD30762AB86D283F49 /* Debug */ = {
			isa = XCBuildConfiguration;
			buildSettings = {
				BUNDLE_LOADER = "$(TEST_HOST)";
				GENERATE_INFOPLIST_FILE = YES;
				LD_RUNPATH_SEARCH_PATHS = (
					"$(inherited)",
					"@executable_path/Frameworks",
					"@loader_path/Frameworks",
				);
				PRODUCT_BUNDLE_IDENTIFIER = com.furiganalens.app.uitests;
				SDKROOT = iphoneos;
				TARGETED_DEVICE_FAMILY = "1,2";
				TEST_TARGET_NAME = FuriganaLens;
			};
			name = Debug;
		};
		35DD02683047A7857DDF637D /* Debug */ = {
			isa = XCBuildConfiguration;
			buildSettings = {
				BUNDLE_LOADER = "$(TEST_HOST)";
				GENERATE_INFOPLIST_FILE = YES;
				LD_RUNPATH_SEARCH_PATHS = (
					"$(inherited)",
					"@executable_path/Frameworks",
					"@loader_path/Frameworks",
				);
				PRODUCT_BUNDLE_IDENTIFIER = com.furiganalens.app.tests;
				SDKROOT = iphoneos;
				TARGETED_DEVICE_FAMILY = "1,2";
				TEST_HOST = "$(BUILT_PRODUCTS_DIR)/FuriganaLens.app/FuriganaLens";
			};
			name = Debug;
		};
		37C9C3D38A78872FEAC18D4B /* Release */ = {
			isa = XCBuildConfiguration;
			buildSettings = {
				ASSETCATALOG_COMPILER_APPICON_NAME = AppIcon;
				CODE_SIGN_IDENTITY = "iPhone Developer";
				CURRENT_PROJECT_VERSION = 1;
				GENERATE_INFOPLIST_FILE = YES;
				INFOPLIST_KEY_NSCameraUsageDescription = "Point your camera at Japanese text on your TV or screen to read words and furigana.";
				INFOPLIST_KEY_UIApplicationSceneManifest_Generation = YES;
				INFOPLIST_KEY_UILaunchScreen_Generation = YES;
				LD_RUNPATH_SEARCH_PATHS = (
					"$(inherited)",
					"@executable_path/Frameworks",
				);
				MARKETING_VERSION = 1.0.0;
				PRODUCT_BUNDLE_IDENTIFIER = com.furiganalens.app;
				SDKROOT = iphoneos;
				TARGETED_DEVICE_FAMILY = "1,2";
			};
			name = Release;
		};
		430AD2209068207653D65EC7 /* Release */ = {
			isa = XCBuildConfiguration;
			buildSettings = {
				BUNDLE_LOADER = "$(TEST_HOST)";
				GENERATE_INFOPLIST_FILE = YES;
				LD_RUNPATH_SEARCH_PATHS = (
					"$(inherited)",
					"@executable_path/Frameworks",
					"@loader_path/Frameworks",
				);
				PRODUCT_BUNDLE_IDENTIFIER = com.furiganalens.app.uitests;
				SDKROOT = iphoneos;
				TARGETED_DEVICE_FAMILY = "1,2";
				TEST_TARGET_NAME = FuriganaLens;
			};
			name = Release;
		};
		B73793F20474C99E109171CB /* Release */ = {
			isa = XCBuildConfiguration;
			buildSettings = {
				BUNDLE_LOADER = "$(TEST_HOST)";
				GENERATE_INFOPLIST_FILE = YES;
				LD_RUNPATH_SEARCH_PATHS = (
					"$(inherited)",
					"@executable_path/Frameworks",
					"@loader_path/Frameworks",
				);
				PRODUCT_BUNDLE_IDENTIFIER = com.furiganalens.app.tests;
				SDKROOT = iphoneos;
				TARGETED_DEVICE_FAMILY = "1,2";
				TEST_HOST = "$(BUILT_PRODUCTS_DIR)/FuriganaLens.app/FuriganaLens";
			};
			name = Release;
		};
		E712FB8C425E348AEBD9AC08 /* Debug */ = {
			isa = XCBuildConfiguration;
			buildSettings = {
				ALWAYS_SEARCH_USER_PATHS = NO;
				CLANG_ANALYZER_NONNULL = YES;
				CLANG_ANALYZER_NUMBER_OBJECT_CONVERSION = YES_AGGRESSIVE;
				CLANG_CXX_LANGUAGE_STANDARD = "gnu++14";
				CLANG_CXX_LIBRARY = "libc++";
				CLANG_ENABLE_MODULES = YES;
				CLANG_ENABLE_OBJC_ARC = YES;
				CLANG_ENABLE_OBJC_WEAK = YES;
				CLANG_WARN_BLOCK_CAPTURE_AUTORELEASING = YES;
				CLANG_WARN_BOOL_CONVERSION = YES;
				CLANG_WARN_COMMA = YES;
				CLANG_WARN_CONSTANT_CONVERSION = YES;
				CLANG_WARN_DEPRECATED_OBJC_IMPLEMENTATIONS = YES;
				CLANG_WARN_DIRECT_OBJC_ISA_USAGE = YES_ERROR;
				CLANG_WARN_DOCUMENTATION_COMMENTS = YES;
				CLANG_WARN_EMPTY_BODY = YES;
				CLANG_WARN_ENUM_CONVERSION = YES;
				CLANG_WARN_INFINITE_RECURSION = YES;
				CLANG_WARN_INT_CONVERSION = YES;
				CLANG_WARN_NON_LITERAL_NULL_CONVERSION = YES;
				CLANG_WARN_OBJC_IMPLICIT_RETAIN_SELF = YES;
				CLANG_WARN_OBJC_LITERAL_CONVERSION = YES;
				CLANG_WARN_OBJC_ROOT_CLASS = YES_ERROR;
				CLANG_WARN_QUOTED_INCLUDE_IN_FRAMEWORK_HEADER = YES;
				CLANG_WARN_RANGE_LOOP_ANALYSIS = YES;
				CLANG_WARN_STRICT_PROTOTYPES = YES;
				CLANG_WARN_SUSPICIOUS_MOVE = YES;
				CLANG_WARN_UNGUARDED_AVAILABILITY = YES_AGGRESSIVE;
				CLANG_WARN_UNREACHABLE_CODE = YES;
				CLANG_WARN__DUPLICATE_METHOD_MATCH = YES;
				CODE_SIGN_STYLE = Automatic;
				COPY_PHASE_STRIP = NO;
				DEBUG_INFORMATION_FORMAT = dwarf;
				ENABLE_STRICT_OBJC_MSGSEND = YES;
				ENABLE_TESTABILITY = YES;
				GCC_C_LANGUAGE_STANDARD = gnu11;
				GCC_DYNAMIC_NO_PIC = NO;
				GCC_NO_COMMON_BLOCKS = YES;
				GCC_OPTIMIZATION_LEVEL = 0;
				GCC_PREPROCESSOR_DEFINITIONS = (
					"$(inherited)",
					"DEBUG=1",
				);
				GCC_WARN_64_TO_32_BIT_CONVERSION = YES;
				GCC_WARN_ABOUT_RETURN_TYPE = YES_ERROR;
				GCC_WARN_UNDECLARED_SELECTOR = YES;
				GCC_WARN_UNINITIALIZED_AUTOS = YES_AGGRESSIVE;
				GCC_WARN_UNUSED_FUNCTION = YES;
				GCC_WARN_UNUSED_VARIABLE = YES;
				IPHONEOS_DEPLOYMENT_TARGET = 18.0;
				MTL_ENABLE_DEBUG_INFO = INCLUDE_SOURCE;
				MTL_FAST_MATH = YES;
				ONLY_ACTIVE_ARCH = YES;
				PRODUCT_NAME = "$(TARGET_NAME)";
				SDKROOT = iphoneos;
				SWIFT_ACTIVE_COMPILATION_CONDITIONS = DEBUG;
				SWIFT_OPTIMIZATION_LEVEL = "-Onone";
				SWIFT_VERSION = 5.9;
				TARGETED_DEVICE_FAMILY = 1;
			};
			name = Debug;
		};
		F4C06D88BD85517220566A15 /* Release */ = {
			isa = XCBuildConfiguration;
			buildSettings = {
				ALWAYS_SEARCH_USER_PATHS = NO;
				CLANG_ANALYZER_NONNULL = YES;
				CLANG_ANALYZER_NUMBER_OBJECT_CONVERSION = YES_AGGRESSIVE;
				CLANG_CXX_LANGUAGE_STANDARD = "gnu++14";
				CLANG_CXX_LIBRARY = "libc++";
				CLANG_ENABLE_MODULES = YES;
				CLANG_ENABLE_OBJC_ARC = YES;
				CLANG_ENABLE_OBJC_WEAK = YES;
				CLANG_WARN_BLOCK_CAPTURE_AUTORELEASING = YES;
				CLANG_WARN_BOOL_CONVERSION = YES;
				CLANG_WARN_COMMA = YES;
				CLANG_WARN_CONSTANT_CONVERSION = YES;
				CLANG_WARN_DEPRECATED_OBJC_IMPLEMENTATIONS = YES;
				CLANG_WARN_DIRECT_OBJC_ISA_USAGE = YES_ERROR;
				CLANG_WARN_DOCUMENTATION_COMMENTS = YES;
				CLANG_WARN_EMPTY_BODY = YES;
				CLANG_WARN_ENUM_CONVERSION = YES;
				CLANG_WARN_INFINITE_RECURSION = YES;
				CLANG_WARN_INT_CONVERSION = YES;
				CLANG_WARN_NON_LITERAL_NULL_CONVERSION = YES;
				CLANG_WARN_OBJC_IMPLICIT_RETAIN_SELF = YES;
				CLANG_WARN_OBJC_LITERAL_CONVERSION = YES;
				CLANG_WARN_OBJC_ROOT_CLASS = YES_ERROR;
				CLANG_WARN_QUOTED_INCLUDE_IN_FRAMEWORK_HEADER = YES;
				CLANG_WARN_RANGE_LOOP_ANALYSIS = YES;
				CLANG_WARN_STRICT_PROTOTYPES = YES;
				CLANG_WARN_SUSPICIOUS_MOVE = YES;
				CLANG_WARN_UNGUARDED_AVAILABILITY = YES_AGGRESSIVE;
				CLANG_WARN_UNREACHABLE_CODE = YES;
				CLANG_WARN__DUPLICATE_METHOD_MATCH = YES;
				CODE_SIGN_STYLE = Automatic;
				COPY_PHASE_STRIP = NO;
				DEBUG_INFORMATION_FORMAT = "dwarf-with-dsym";
				ENABLE_NS_ASSERTIONS = NO;
				ENABLE_STRICT_OBJC_MSGSEND = YES;
				GCC_C_LANGUAGE_STANDARD = gnu11;
				GCC_NO_COMMON_BLOCKS = YES;
				GCC_WARN_64_TO_32_BIT_CONVERSION = YES;
				GCC_WARN_ABOUT_RETURN_TYPE = YES_ERROR;
				GCC_WARN_UNDECLARED_SELECTOR = YES;
				GCC_WARN_UNINITIALIZED_AUTOS = YES_AGGRESSIVE;
				GCC_WARN_UNUSED_FUNCTION = YES;
				GCC_WARN_UNUSED_VARIABLE = YES;
				IPHONEOS_DEPLOYMENT_TARGET = 18.0;
				MTL_ENABLE_DEBUG_INFO = NO;
				MTL_FAST_MATH = YES;
				PRODUCT_NAME = "$(TARGET_NAME)";
				SDKROOT = iphoneos;
				SWIFT_COMPILATION_MODE = wholemodule;
				SWIFT_OPTIMIZATION_LEVEL = "-O";
				SWIFT_VERSION = 5.9;
				TARGETED_DEVICE_FAMILY = 1;
			};
			name = Release;
		};
/* End XCBuildConfiguration section */

/* Begin XCConfigurationList section */
		3042BDAA67DCFA5FFA0769EC /* Build configuration list for PBXNativeTarget "FuriganaLensTests" */ = {
			isa = XCConfigurationList;
			buildConfigurations = (
				35DD02683047A7857DDF637D /* Debug */,
				B73793F20474C99E109171CB /* Release */,
			);
			defaultConfigurationIsVisible = 0;
			defaultConfigurationName = Debug;
		};
		67B17AC346535C98A23472E6 /* Build configuration list for PBXNativeTarget "FuriganaLensUITests" */ = {
			isa = XCConfigurationList;
			buildConfigurations = (
				09F360CD30762AB86D283F49 /* Debug */,
				430AD2209068207653D65EC7 /* Release */,
			);
			defaultConfigurationIsVisible = 0;
			defaultConfigurationName = Debug;
		};
		AC48E2EA9B0CE727CAFA6786 /* Build configuration list for PBXNativeTarget "FuriganaLens" */ = {
			isa = XCConfigurationList;
			buildConfigurations = (
				0941A78BBC29DCBE686DB283 /* Debug */,
				37C9C3D38A78872FEAC18D4B /* Release */,
			);
			defaultConfigurationIsVisible = 0;
			defaultConfigurationName = Debug;
		};
		D5E4E8D06A571656620C6393 /* Build configuration list for PBXProject "FuriganaLens" */ = {
			isa = XCConfigurationList;
			buildConfigurations = (
				E712FB8C425E348AEBD9AC08 /* Debug */,
				F4C06D88BD85517220566A15 /* Release */,
			);
			defaultConfigurationIsVisible = 0;
			defaultConfigurationName = Debug;
		};
/* End XCConfigurationList section */
	};
	rootObject = 2E0D2D20E15C6785605FCB56 /* Project object */;
}
